// !$*UTF8*$!
{
	archiveVersion = 1;
	classes = {
	};
	objectVersion = 51;
	objects = {

/* Begin PBXBuildFile section */
		61B8C3AA4317FF49C57C1C8F /* Pods_h.framework in Frameworks */ = {isa = PBXBuildFile; fileRef = B3646B98C88CF378CA2ADB19 /* Pods_h.framework */; };
		9337CB1524F9461200788DF7 /* teamViewController.swift in Sources */ = {isa = PBXBuildFile; fileRef = 9337CB1424F9461200788DF7 /* teamViewController.swift */; };
		9337CB1724F9467400788DF7 /* myselfViewController.swift in Sources */ = {isa = PBXBuildFile; fileRef = 9337CB1624F9467400788DF7 /* myselfViewController.swift */; };
		934892A324F933A700AA3556 /* AppDelegate.swift in Sources */ = {isa = PBXBuildFile; fileRef = 934892A224F933A700AA3556 /* AppDelegate.swift */; };
		934892A524F933A700AA3556 /* SceneDelegate.swift in Sources */ = {isa = PBXBuildFile; fileRef = 934892A424F933A700AA3556 /* SceneDelegate.swift */; };
		934892A724F933A700AA3556 /* ViewController.swift in Sources */ = {isa = PBXBuildFile; fileRef = 934892A624F933A700AA3556 /* ViewController.swift */; };
		934892AA24F933A700AA3556 /* Main.storyboard in Resources */ = {isa = PBXBuildFile; fileRef = 934892A824F933A700AA3556 /* Main.storyboard */; };
		934892AC24F933A800AA3556 /* Assets.xcassets in Resources */ = {isa = PBXBuildFile; fileRef = 934892AB24F933A800AA3556 /* Assets.xcassets */; };
		934892AF24F933A800AA3556 /* LaunchScreen.storyboard in Resources */ = {isa = PBXBuildFile; fileRef = 934892AD24F933A800AA3556 /* LaunchScreen.storyboard */; };
		934F4D9124FA4ED400E826B3 /* tViewController.swift in Sources */ = {isa = PBXBuildFile; fileRef = 934F4D9024FA4ED400E826B3 /* tViewController.swift */; };
		93A68DA225050353001D6CE8 /* myselfTableViewCell.swift in Sources */ = {isa = PBXBuildFile; fileRef = 93A68DA125050353001D6CE8 /* myselfTableViewCell.swift */; };
		93CB5AA224FCD78900010B99 /* TableViewCell.swift in Sources */ = {isa = PBXBuildFile; fileRef = 93CB5AA124FCD78900010B99 /* TableViewCell.swift */; };
		93D1B31A2507A29800CB04F4 /* webViewController1.swift in Sources */ = {isa = PBXBuildFile; fileRef = 93D1B3192507A29800CB04F4 /* webViewController1.swift */; };
		93D1B31C2507A30400CB04F4 /* webViewController2.swift in Sources */ = {isa = PBXBuildFile; fileRef = 93D1B31B2507A30400CB04F4 /* webViewController2.swift */; };
		93D1B31F2507A33500CB04F4 /* webViewController3.swift in Sources */ = {isa = PBXBuildFile; fileRef = 93D1B31E2507A33500CB04F4 /* webViewController3.swift */; };
		93D1B3212507A34D00CB04F4 /* webViewController4.swift in Sources */ = {isa = PBXBuildFile; fileRef = 93D1B3202507A34D00CB04F4 /* webViewController4.swift */; };
		93D1B3232507A38000CB04F4 /* webViewController5.swift in Sources */ = {isa = PBXBuildFile; fileRef = 93D1B3222507A38000CB04F4 /* webViewController5.swift */; };
		93D1B3252507A39B00CB04F4 /* webViewController6.swift in Sources */ = {isa = PBXBuildFile; fileRef = 93D1B3242507A39B00CB04F4 /* webViewController6.swift */; };
		93E899ED2508D7160098B01D /* playerViewController.swift in Sources */ = {isa = PBXBuildFile; fileRef = 93E899EC2508D7160098B01D /* playerViewController.swift */; };
		93E899EF2508D7350098B01D /* playerTableViewCell.swift in Sources */ = {isa = PBXBuildFile; fileRef = 93E899EE2508D7350098B01D /* playerTableViewCell.swift */; };
/* End PBXBuildFile section */

/* Begin PBXFileReference section */
		0AEBD6190DAB83722D9A4B3B /* Pods-h.debug.xcconfig */ = {isa = PBXFileReference; includeInIndex = 1; lastKnownFileType = text.xcconfig; name = "Pods-h.debug.xcconfig"; path = "Target Support Files/Pods-h/Pods-h.debug.xcconfig"; sourceTree = "<group>"; };
		9337CB1424F9461200788DF7 /* teamViewController.swift */ = {isa = PBXFileReference; lastKnownFileType = sourcecode.swift; path = teamViewController.swift; sourceTree = "<group>"; };
		9337CB1624F9467400788DF7 /* myselfViewController.swift */ = {isa = PBXFileReference; lastKnownFileType = sourcecode.swift; path = myselfViewController.swift; sourceTree = "<group>"; };
		9348929F24F933A700AA3556 /* h.app */ = {isa = PBXFileReference; explicitFileType = wrapper.application; includeInIndex = 0; path = h.app; sourceTree = BUILT_PRODUCTS_DIR; };
		934892A224F933A700AA3556 /* AppDelegate.swift */ = {isa = PBXFileReference; lastKnownFileType = sourcecode.swift; path = AppDelegate.swift; sourceTree = "<group>"; };
		934892A424F933A700AA3556 /* SceneDelegate.swift */ = {isa = PBXFileReference; lastKnownFileType = sourcecode.swift; path = SceneDelegate.swift; sourceTree = "<group>"; };
		934892A624F933A700AA3556 /* ViewController.swift */ = {isa = PBXFileReference; lastKnownFileType = sourcecode.swift; path = ViewController.swift; sourceTree = "<group>"; };
		934892A924F933A700AA3556 /* Base */ = {isa = PBXFileReference; lastKnownFileType = file.storyboard; name = Base; path = Base.lproj/Main.storyboard; sourceTree = "<group>"; };
		934892AB24F933A800AA3556 /* Assets.xcassets */ = {isa = PBXFileReference; lastKnownFileType = folder.assetcatalog; path = Assets.xcassets; sourceTree = "<group>"; };
		934892AE24F933A800AA3556 /* Base */ = {isa = PBXFileReference; lastKnownFileType = file.storyboard; name = Base; path = Base.lproj/LaunchScreen.storyboard; sourceTree = "<group>"; };
		934892B024F933A800AA3556 /* Info.plist */ = {isa = PBXFileReference; lastKnownFileType = text.plist.xml; path = Info.plist; sourceTree = "<group>"; };
		934F4D9024FA4ED400E826B3 /* tViewController.swift */ = {isa = PBXFileReference; lastKnownFileType = sourcecode.swift; path = tViewController.swift; sourceTree = "<group>"; };
		93A68DA125050353001D6CE8 /* myselfTableViewCell.swift */ = {isa = PBXFileReference; lastKnownFileType = sourcecode.swift; path = myselfTableViewCell.swift; sourceTree = "<group>"; };
		93CB5AA124FCD78900010B99 /* TableViewCell.swift */ = {isa = PBXFileReference; lastKnownFileType = sourcecode.swift; path = TableViewCell.swift; sourceTree = "<group>"; };
		93D1B3192507A29800CB04F4 /* webViewController1.swift */ = {isa = PBXFileReference; lastKnownFileType = sourcecode.swift; path = webViewController1.swift; sourceTree = "<group>"; };
		93D1B31B2507A30400CB04F4 /* webViewController2.swift */ = {isa = PBXFileReference; lastKnownFileType = sourcecode.swift; path = webViewController2.swift; sourceTree = "<group>"; };
		93D1B31E2507A33500CB04F4 /* webViewController3.swift */ = {isa = PBXFileReference; lastKnownFileType = sourcecode.swift; path = webViewController3.swift; sourceTree = "<group>"; };
		93D1B3202507A34D00CB04F4 /* webViewController4.swift */ = {isa = PBXFileReference; lastKnownFileType = sourcecode.swift; path = webViewController4.swift; sourceTree = "<group>"; };
		93D1B3222507A38000CB04F4 /* webViewController5.swift */ = {isa = PBXFileReference; lastKnownFileType = sourcecode.swift; path = webViewController5.swift; sourceTree = "<group>"; };
		93D1B3242507A39B00CB04F4 /* webViewController6.swift */ = {isa = PBXFileReference; lastKnownFileType = sourcecode.swift; path = webViewController6.swift; sourceTree = "<group>"; };
		93E899EC2508D7160098B01D /* playerViewController.swift */ = {isa = PBXFileReference; lastKnownFileType = sourcecode.swift; path = playerViewController.swift; sourceTree = "<group>"; };
		93E899EE2508D7350098B01D /* playerTableViewCell.swift */ = {isa = PBXFileReference; lastKnownFileType = sourcecode.swift; path = playerTableViewCell.swift; sourceTree = "<group>"; };
		99862AD530FE51F0080A3AE8 /* Pods-h.release.xcconfig */ = {isa = PBXFileReference; includeInIndex = 1; lastKnownFileType = text.xcconfig; name = "Pods-h.release.xcconfig"; path = "Target Support Files/Pods-h/Pods-h.release.xcconfig"; sourceTree = "<group>"; };
		B3646B98C88CF378CA2ADB19 /* Pods_h.framework */ = {isa = PBXFileReference; explicitFileType = wrapper.framework; includeInIndex = 0; path = Pods_h.framework; sourceTree = BUILT_PRODUCTS_DIR; };
/* End PBXFileReference section */

/* Begin PBXFrameworksBuildPhase section */
		9348929C24F933A700AA3556 /* Frameworks */ = {
			isa = PBXFrameworksBuildPhase;
			buildActionMask = 2147483647;
			files = (
				61B8C3AA4317FF49C57C1C8F /* Pods_h.framework in Frameworks */,
			);
			runOnlyForDeploymentPostprocessing = 0;
		};
/* End PBXFrameworksBuildPhase section */

/* Begin PBXGroup section */
		2125D5B1ADE3E36B1887F7B8 /* Pods */ = {
			isa = PBXGroup;
			children = (
				0AEBD6190DAB83722D9A4B3B /* Pods-h.debug.xcconfig */,
				99862AD530FE51F0080A3AE8 /* Pods-h.release.xcconfig */,
			);
			path = Pods;
			sourceTree = "<group>";
		};
		5E9E580F67361BCC9A440BAB /* Frameworks */ = {
			isa = PBXGroup;
			children = (
				B3646B98C88CF378CA2ADB19 /* Pods_h.framework */,
			);
			name = Frameworks;
			sourceTree = "<group>";
		};
		9348929624F933A700AA3556 = {
			isa = PBXGroup;
			children = (
				93E899F02508F0540098B01D /* vdieo */,
				93D1B31D2507A30D00CB04F4 /* teamweb */,
				93A68DA025050261001D6CE8 /* myself */,
				93AE039B24FB4F4E00416352 /* Player */,
				934F4D9324FA4F4000E826B3 /* team */,
				934892A124F933A700AA3556 /* h */,
				934892A024F933A700AA3556 /* Products */,
				2125D5B1ADE3E36B1887F7B8 /* Pods */,
				5E9E580F67361BCC9A440BAB /* Frameworks */,
			);
			sourceTree = "<group>";
		};
		934892A024F933A700AA3556 /* Products */ = {
			isa = PBXGroup;
			children = (
				9348929F24F933A700AA3556 /* h.app */,
			);
			name = Products;
			sourceTree = "<group>";
		};
		934892A124F933A700AA3556 /* h */ = {
			isa = PBXGroup;
			children = (
				934892A224F933A700AA3556 /* AppDelegate.swift */,
				934892A424F933A700AA3556 /* SceneDelegate.swift */,
				934892A624F933A700AA3556 /* ViewController.swift */,
				9337CB1424F9461200788DF7 /* teamViewController.swift */,
				934892A824F933A700AA3556 /* Main.storyboard */,
				934892AB24F933A800AA3556 /* Assets.xcassets */,
				934892AD24F933A800AA3556 /* LaunchScreen.storyboard */,
				934892B024F933A800AA3556 /* Info.plist */,
			);
			path = h;
			sourceTree = "<group>";
		};
		934F4D9324FA4F4000E826B3 /* team */ = {
			isa = PBXGroup;
			children = (
				934F4D9024FA4ED400E826B3 /* tViewController.swift */,
				93CB5AA124FCD78900010B99 /* TableViewCell.swift */,
			);
			path = team;
			sourceTree = "<group>";
		};
		93A68DA025050261001D6CE8 /* myself */ = {
			isa = PBXGroup;
			children = (
				9337CB1624F9467400788DF7 /* myselfViewController.swift */,
				93A68DA125050353001D6CE8 /* myselfTableViewCell.swift */,
			);
			path = myself;
			sourceTree = "<group>";
		};
		93AE039B24FB4F4E00416352 /* Player */ = {
			isa = PBXGroup;
			children = (
				93E899EC2508D7160098B01D /* playerViewController.swift */,
				93E899EE2508D7350098B01D /* playerTableViewCell.swift */,
			);
			path = Player;
			sourceTree = "<group>";
		};
		93D1B31D2507A30D00CB04F4 /* teamweb */ = {
			isa = PBXGroup;
			children = (
				93D1B3192507A29800CB04F4 /* webViewController1.swift */,
				93D1B31B2507A30400CB04F4 /* webViewController2.swift */,
				93D1B31E2507A33500CB04F4 /* webViewController3.swift */,
				93D1B3202507A34D00CB04F4 /* webViewController4.swift */,
				93D1B3222507A38000CB04F4 /* webViewController5.swift */,
				93D1B3242507A39B00CB04F4 /* webViewController6.swift */,
			);
			path = teamweb;
			sourceTree = "<group>";
		};
		93E899F02508F0540098B01D /* vdieo */ = {
			isa = PBXGroup;
			children = (
			);
			path = vdieo;
			sourceTree = "<group>";
		};
/* End PBXGroup section */

/* Begin PBXNativeTarget section */
		9348929E24F933A700AA3556 /* h */ = {
			isa = PBXNativeTarget;
			buildConfigurationList = 934892B324F933A800AA3556 /* Build configuration list for PBXNativeTarget "h" */;
			buildPhases = (
				E3DE570486843FEE6A2D8B30 /* [CP] Check Pods Manifest.lock */,
				9348929B24F933A700AA3556 /* Sources */,
				9348929C24F933A700AA3556 /* Frameworks */,
				9348929D24F933A700AA3556 /* Resources */,
				BCB7CC7E5C8BCF94739855F8 /* [CP] Embed Pods Frameworks */,
			);
			buildRules = (
			);
			dependencies = (
			);
			name = h;
			productName = h;
			productReference = 9348929F24F933A700AA3556 /* h.app */;
			productType = "com.apple.product-type.application";
		};
/* End PBXNativeTarget section */

/* Begin PBXProject section */
		9348929724F933A700AA3556 /* Project object */ = {
			isa = PBXProject;
			attributes = {
				LastSwiftUpdateCheck = 1160;
				LastUpgradeCheck = 1160;
				ORGANIZATIONNAME = "王韬";
				TargetAttributes = {
					9348929E24F933A700AA3556 = {
						CreatedOnToolsVersion = 11.6;
					};
				};
			};
			buildConfigurationList = 9348929A24F933A700AA3556 /* Build configuration list for PBXProject "h" */;
			compatibilityVersion = "Xcode 9.3";
			developmentRegion = en;
			hasScannedForEncodings = 0;
			knownRegions = (
				en,
				Base,
			);
			mainGroup = 9348929624F933A700AA3556;
			productRefGroup = 934892A024F933A700AA3556 /* Products */;
			projectDirPath = "";
			projectRoot = "";
			targets = (
				9348929E24F933A700AA3556 /* h */,
			);
		};
/* End PBXProject section */

/* Begin PBXResourcesBuildPhase section */
		9348929D24F933A700AA3556 /* Resources */ = {
			isa = PBXResourcesBuildPhase;
			buildActionMask = 2147483647;
			files = (
				934892AF24F933A800AA3556 /* LaunchScreen.storyboard in Resources */,
				934892AC24F933A800AA3556 /* Assets.xcassets in Resources */,
				934892AA24F933A700AA3556 /* Main.storyboard in Resources */,
			);
			runOnlyForDeploymentPostprocessing = 0;
		};
/* End PBXResourcesBuildPhase section */

/* Begin PBXShellScriptBuildPhase section */
		BCB7CC7E5C8BCF94739855F8 /* [CP] Embed Pods Frameworks */ = {
			isa = PBXShellScriptBuildPhase;
			buildActionMask = 2147483647;
			files = (
			);
			inputFileListPaths = (
				"${PODS_ROOT}/Target Support Files/Pods-h/Pods-h-frameworks-${CONFIGURATION}-input-files.xcfilelist",
			);
			name = "[CP] Embed Pods Frameworks";
			outputFileListPaths = (
				"${PODS_ROOT}/Target Support Files/Pods-h/Pods-h-frameworks-${CONFIGURATION}-output-files.xcfilelist",
			);
			runOnlyForDeploymentPostprocessing = 0;
			shellPath = /bin/sh;
			shellScript = "\"${PODS_ROOT}/Target Support Files/Pods-h/Pods-h-frameworks.sh\"\n";
			showEnvVarsInLog = 0;
		};
		E3DE570486843FEE6A2D8B30 /* [CP] Check Pods Manifest.lock */ = {
			isa = PBXShellScriptBuildPhase;
			buildActionMask = 2147483647;
			files = (
			);
			inputFileListPaths = (
			);
			inputPaths = (
				"${PODS_PODFILE_DIR_PATH}/Podfile.lock",
				"${PODS_ROOT}/Manifest.lock",
			);
			name = "[CP] Check Pods Manifest.lock";
			outputFileListPaths = (
			);
			outputPaths = (
				"$(DERIVED_FILE_DIR)/Pods-h-checkManifestLockResult.txt",
			);
			runOnlyForDeploymentPostprocessing = 0;
			shellPath = /bin/sh;
			shellScript = "diff \"${PODS_PODFILE_DIR_PATH}/Podfile.lock\" \"${PODS_ROOT}/Manifest.lock\" > /dev/null\nif [ $? != 0 ] ; then\n    # print error to STDERR\n    echo \"error: The sandbox is not in sync with the Podfile.lock. Run 'pod install' or update your CocoaPods installation.\" >&2\n    exit 1\nfi\n# This output is used by Xcode 'outputs' to avoid re-running this script phase.\necho \"SUCCESS\" > \"${SCRIPT_OUTPUT_FILE_0}\"\n";
			showEnvVarsInLog = 0;
		};
/* End PBXShellScriptBuildPhase section */

/* Begin PBXSourcesBuildPhase section */
		9348929B24F933A700AA3556 /* Sources */ = {
			isa = PBXSourcesBuildPhase;
			buildActionMask = 2147483647;
			files = (
				93A68DA225050353001D6CE8 /* myselfTableViewCell.swift in Sources */,
				9337CB1724F9467400788DF7 /* myselfViewController.swift in Sources */,
				93D1B3232507A38000CB04F4 /* webViewController5.swift in Sources */,
				93CB5AA224FCD78900010B99 /* TableViewCell.swift in Sources */,
				93E899EF2508D7350098B01D /* playerTableViewCell.swift in Sources */,
				93D1B3252507A39B00CB04F4 /* webViewController6.swift in Sources */,
				93D1B31A2507A29800CB04F4 /* webViewController1.swift in Sources */,
				93D1B31F2507A33500CB04F4 /* webViewController3.swift in Sources */,
				93D1B31C2507A30400CB04F4 /* webViewController2.swift in Sources */,
				934F4D9124FA4ED400E826B3 /* tViewController.swift in Sources */,
				934892A724F933A700AA3556 /* ViewController.swift in Sources */,
				93E899ED2508D7160098B01D /* playerViewController.swift in Sources */,
				93D1B3212507A34D00CB04F4 /* webViewController4.swift in Sources */,
				9337CB1524F9461200788DF7 /* teamViewController.swift in Sources */,
				934892A324F933A700AA3556 /* AppDelegate.swift in Sources */,
				934892A524F933A700AA3556 /* SceneDelegate.swift in Sources */,
			);
			runOnlyForDeploymentPostprocessing = 0;
		};
/* End PBXSourcesBuildPhase section */

/* Begin PBXVariantGroup section */
		934892A824F933A700AA3556 /* Main.storyboard */ = {
			isa = PBXVariantGroup;
			children = (
				934892A924F933A700AA3556 /* Base */,
			);
			name = Main.storyboard;
			sourceTree = "<group>";
		};
		934892AD24F933A800AA3556 /* LaunchScreen.storyboard */ = {
			isa = PBXVariantGroup;
			children = (
				934892AE24F933A800AA3556 /* Base */,
			);
			name = LaunchScreen.storyboard;
			sourceTree = "<group>";
		};
/* End PBXVariantGroup section */

/* Begin XCBuildConfiguration section */
		934892B124F933A800AA3556 /* Debug */ = {
			isa = XCBuildConfiguration;
			buildSettings = {
				ALWAYS_SEARCH_USER_PATHS = NO;
				CLANG_ANALYZER_NONNULL = YES;
				CLANG_ANALYZER_NUMBER_OBJECT_CONVERSION = YES_AGGRESSIVE;
				CLANG_CXX_LANGUAGE_STANDARD = "gnu++14";
				CLANG_CXX_LIBRARY = "libc++";
				CLANG_ENABLE_MODULES = YES;
				CLANG_ENABLE_OBJC_ARC = YES;
				CLANG_ENABLE_OBJC_WEAK = YES;
				CLANG_WARN_BLOCK_CAPTURE_AUTORELEASING = YES;
				CLANG_WARN_BOOL_CONVERSION = YES;
				CLANG_WARN_COMMA = YES;
				CLANG_WARN_CONSTANT_CONVERSION = YES;
				CLANG_WARN_DEPRECATED_OBJC_IMPLEMENTATIONS = YES;
				CLANG_WARN_DIRECT_OBJC_ISA_USAGE = YES_ERROR;
				CLANG_WARN_DOCUMENTATION_COMMENTS = YES;
				CLANG_WARN_EMPTY_BODY = YES;
				CLANG_WARN_ENUM_CONVERSION = YES;
				CLANG_WARN_INFINITE_RECURSION = YES;
				CLANG_WARN_INT_CONVERSION = YES;
				CLANG_WARN_NON_LITERAL_NULL_CONVERSION = YES;
				CLANG_WARN_OBJC_IMPLICIT_RETAIN_SELF = YES;
				CLANG_WARN_OBJC_LITERAL_CONVERSION = YES;
				CLANG_WARN_OBJC_ROOT_CLASS = YES_ERROR;
				CLANG_WARN_RANGE_LOOP_ANALYSIS = YES;
				CLANG_WARN_STRICT_PROTOTYPES = YES;
				CLANG_WARN_SUSPICIOUS_MOVE = YES;
				CLANG_WARN_UNGUARDED_AVAILABILITY = YES_AGGRESSIVE;
				CLANG_WARN_UNREACHABLE_CODE = YES;
				CLANG_WARN__DUPLICATE_METHOD_MATCH = YES;
				COPY_PHASE_STRIP = NO;
				DEBUG_INFORMATION_FORMAT = dwarf;
				ENABLE_STRICT_OBJC_MSGSEND = YES;
				ENABLE_TESTABILITY = YES;
				GCC_C_LANGUAGE_STANDARD = gnu11;
				GCC_DYNAMIC_NO_PIC = NO;
				GCC_NO_COMMON_BLOCKS = YES;
				GCC_OPTIMIZATION_LEVEL = 0;
				GCC_PREPROCESSOR_DEFINITIONS = (
					"DEBUG=1",
					"$(inherited)",
				);
				GCC_WARN_64_TO_32_BIT_CONVERSION = YES;
				GCC_WARN_ABOUT_RETURN_TYPE = YES_ERROR;
				GCC_WARN_UNDECLARED_SELECTOR = YES;
				GCC_WARN_UNINITIALIZED_AUTOS = YES_AGGRESSIVE;
				GCC_WARN_UNUSED_FUNCTION = YES;
				GCC_WARN_UNUSED_VARIABLE = YES;
				IPHONEOS_DEPLOYMENT_TARGET = 13.6;
				MTL_ENABLE_DEBUG_INFO = INCLUDE_SOURCE;
				MTL_FAST_MATH = YES;
				ONLY_ACTIVE_ARCH = YES;
				SDKROOT = iphoneos;
				SWIFT_ACTIVE_COMPILATION_CONDITIONS = DEBUG;
				SWIFT_OPTIMIZATION_LEVEL = "-Onone";
			};
			name = Debug;
		};
		934892B224F933A800AA3556 /* Release */ = {
			isa = XCBuildConfiguration;
			buildSettings = {
				ALWAYS_SEARCH_USER_PATHS = NO;
				CLANG_ANALYZER_NONNULL = YES;
				CLANG_ANALYZER_NUMBER_OBJECT_CONVERSION = YES_AGGRESSIVE;
				CLANG_CXX_LANGUAGE_STANDARD = "gnu++14";
				CLANG_CXX_LIBRARY = "libc++";
				CLANG_ENABLE_MODULES = YES;
				CLANG_ENABLE_OBJC_ARC = YES;
				CLANG_ENABLE_OBJC_WEAK = YES;
				CLANG_WARN_BLOCK_CAPTURE_AUTORELEASING = YES;
				CLANG_WARN_BOOL_CONVERSION = YES;
				CLANG_WARN_COMMA = YES;
				CLANG_WARN_CONSTANT_CONVERSION = YES;
				CLANG_WARN_DEPRECATED_OBJC_IMPLEMENTATIONS = YES;
				CLANG_WARN_DIRECT_OBJC_ISA_USAGE = YES_ERROR;
				CLANG_WARN_DOCUMENTATION_COMMENTS = YES;
				CLANG_WARN_EMPTY_BODY = YES;
				CLANG_WARN_ENUM_CONVERSION = YES;
				CLANG_WARN_INFINITE_RECURSION = YES;
				CLANG_WARN_INT_CONVERSION = YES;
				CLANG_WARN_NON_LITERAL_NULL_CONVERSION = YES;
				CLANG_WARN_OBJC_IMPLICIT_RETAIN_SELF = YES;
				CLANG_WARN_OBJC_LITERAL_CONVERSION = YES;
				CLANG_WARN_OBJC_ROOT_CLASS = YES_ERROR;
				CLANG_WARN_RANGE_LOOP_ANALYSIS = YES;
				CLANG_WARN_STRICT_PROTOTYPES = YES;
				CLANG_WARN_SUSPICIOUS_MOVE = YES;
				CLANG_WARN_UNGUARDED_AVAILABILITY = YES_AGGRESSIVE;
				CLANG_WARN_UNREACHABLE_CODE = YES;
				CLANG_WARN__DUPLICATE_METHOD_MATCH = YES;
				COPY_PHASE_STRIP = NO;
				DEBUG_INFORMATION_FORMAT = "dwarf-with-dsym";
				ENABLE_NS_ASSERTIONS = NO;
				ENABLE_STRICT_OBJC_MSGSEND = YES;
				GCC_C_LANGUAGE_STANDARD = gnu11;
				GCC_NO_COMMON_BLOCKS = YES;
				GCC_WARN_64_TO_32_BIT_CONVERSION = YES;
				GCC_WARN_ABOUT_RETURN_TYPE = YES_ERROR;
				GCC_WARN_UNDECLARED_SELECTOR = YES;
				GCC_WARN_UNINITIALIZED_AUTOS = YES_AGGRESSIVE;
				GCC_WARN_UNUSED_FUNCTION = YES;
				GCC_WARN_UNUSED_VARIABLE = YES;
				IPHONEOS_DEPLOYMENT_TARGET = 13.6;
				MTL_ENABLE_DEBUG_INFO = NO;
				MTL_FAST_MATH = YES;
				SDKROOT = iphoneos;
				SWIFT_COMPILATION_MODE = wholemodule;
				SWIFT_OPTIMIZATION_LEVEL = "-O";
				VALIDATE_PRODUCT = YES;
			};
			name = Release;
		};
		934892B424F933A800AA3556 /* Debug */ = {
			isa = XCBuildConfiguration;
			baseConfigurationReference = 0AEBD6190DAB83722D9A4B3B /* Pods-h.debug.xcconfig */;
			buildSettings = {
				ASSETCATALOG_COMPILER_APPICON_NAME = AppIcon;
				CODE_SIGN_STYLE = Automatic;
				DEVELOPMENT_TEAM = J3HD9656AL;
				INFOPLIST_FILE = h/Info.plist;
				LD_RUNPATH_SEARCH_PATHS = (
					"$(inherited)",
					"@executable_path/Frameworks",
				);
				PRODUCT_BUNDLE_IDENTIFIER = tao.h;
				PRODUCT_NAME = "$(TARGET_NAME)";
				SWIFT_VERSION = 5.0;
				TARGETED_DEVICE_FAMILY = "1,2";
			};
			name = Debug;
		};
		934892B524F933A800AA3556 /* Release */ = {
			isa = XCBuildConfiguration;
			baseConfigurationReference = 99862AD530FE51F0080A3AE8 /* Pods-h.release.xcconfig */;
			buildSettings = {
				ASSETCATALOG_COMPILER_APPICON_NAME = AppIcon;
				CODE_SIGN_STYLE = Automatic;
				DEVELOPMENT_TEAM = J3HD9656AL;
				INFOPLIST_FILE = h/Info.plist;
				LD_RUNPATH_SEARCH_PATHS = (
					"$(inherited)",
					"@executable_path/Frameworks",
				);
				PRODUCT_BUNDLE_IDENTIFIER = tao.h;
				PRODUCT_NAME = "$(TARGET_NAME)";
				SWIFT_VERSION = 5.0;
				TARGETED_DEVICE_FAMILY = "1,2";
			};
			name = Release;
		};
/* End XCBuildConfiguration section */

/* Begin XCConfigurationList section */
		9348929A24F933A700AA3556 /* Build configuration list for PBXProject "h" */ = {
			isa = XCConfigurationList;
			buildConfigurations = (
				934892B124F933A800AA3556 /* Debug */,
				934892B224F933A800AA3556 /* Release */,
			);
			defaultConfigurationIsVisible = 0;
			defaultConfigurationName = Release;
		};
		934892B324F933A800AA3556 /* Build configuration list for PBXNativeTarget "h" */ = {
			isa = XCConfigurationList;
			buildConfigurations = (
				934892B424F933A800AA3556 /* Debug */,
				934892B524F933A800AA3556 /* Release */,
			);
			defaultConfigurationIsVisible = 0;
			defaultConfigurationName = Release;
		};
/* End XCConfigurationList section */
	};
	rootObject = 9348929724F933A700AA3556 /* Project object */;
}
